
Microsoft Visual Studio Solution File, Format Version 11.00
# Visual C# Express 2010
Project("{FAE04EC0-301F-11D3-BF4B-00C04F79EFBC}") = "TextPlayer", "TextPlayer\TextPlayer.csproj", "{5FFF3B66-0F86-426A-8A7A-B60A145219EC}"
EndProject
Project("{FAE04EC0-301F-11D3-BF4B-00C04F79EFBC}") = "MidiPlayer", "MidiPlayer\MidiPlayer.csproj", "{945A9979-74AF-4103-97DD-16B26BDC6A43}"
EndProject
Project("{FAE04EC0-301F-11D3-BF4B-00C04F79EFBC}") = "ABCSample", "ABCSample\ABCSample.csproj", "{493A3F8B-DC71-4F4F-850B-673E3B98E082}"
EndProject
Project("{FAE04EC0-301F-11D3-BF4B-00C04F79EFBC}") = "MMLSample", "MMLSample\MMLSample.csproj", "{19010F7C-7808-42E1-8E62-01C2B09CB5F7}"
EndProject
Global
	GlobalSection(SolutionConfigurationPlatforms) = preSolution
		Debug|Any CPU = Debug|Any CPU
		Debug|Mixed Platforms = Debug|Mixed Platforms
		Debug|x86 = Debug|x86
		Release|Any CPU = Release|Any CPU
		Release|Mixed Platforms = Release|Mixed Platforms
		Release|x86 = Release|x86
	EndGlobalSection
	GlobalSection(ProjectConfigurationPlatforms) = postSolution
		{5FFF3B66-0F86-426A-8A7A-B60A145219EC}.Debug|Any CPU.ActiveCfg = Debug|Any CPU
		{5FFF3B66-0F86-426A-8A7A-B60A145219EC}.Debug|Any CPU.Build.0 = Debug|Any CPU
		{5FFF3B66-0F86-426A-8A7A-B60A145219EC}.Debug|Mixed Platforms.ActiveCfg = Debug|Any CPU
		{5FFF3B66-0F86-426A-8A7A-B60A145219EC}.Debug|Mixed Platforms.Build.0 = Debug|Any CPU
		{5FFF3B66-0F86-426A-8A7A-B60A145219EC}.Debug|x86.ActiveCfg = Debug|Any CPU
		{5FFF3B66-0F86-426A-8A7A-B60A145219EC}.Release|Any CPU.ActiveCfg = Release|Any CPU
		{5FFF3B66-0F86-426A-8A7A-B60A145219EC}.Release|Any CPU.Build.0 = Release|Any CPU
		{5FFF3B66-0F86-426A-8A7A-B60A145219EC}.Release|Mixed Platforms.ActiveCfg = Release|Any CPU
		{5FFF3B66-0F86-426A-8A7A-B60A145219EC}.Release|Mixed Platforms.Build.0 = Release|Any CPU
		{5FFF3B66-0F86-426A-8A7A-B60A145219EC}.Release|x86.ActiveCfg = Release|Any CPU
		{945A9979-74AF-4103-97DD-16B26BDC6A43}.Debug|Any CPU.ActiveCfg = Debug|x86
		{945A9979-74AF-4103-97DD-16B26BDC6A43}.Debug|Mixed Platforms.ActiveCfg = Debug|x86
		{945A9979-74AF-4103-97DD-16B26BDC6A43}.Debug|Mixed Platforms.Build.0 = Debug|x86
		{945A9979-74AF-4103-97DD-16B26BDC6A43}.Debug|x86.ActiveCfg = Debug|x86
		{945A9979-74AF-4103-97DD-16B26BDC6A43}.Debug|x86.Build.0 = Debug|x86
		{945A9979-74AF-4103-97DD-16B26BDC6A43}.Release|Any CPU.ActiveCfg = Release|x86
		{945A9979-74AF-4103-97DD-16B26BDC6A43}.Release|Mixed Platforms.ActiveCfg = Release|x86
		{945A9979-74AF-4103-97DD-16B26BDC6A43}.Release|Mixed Platforms.Build.0 = Release|x86
		{945A9979-74AF-4103-97DD-16B26BDC6A43}.Release|x86.ActiveCfg = Release|x86
		{945A9979-74AF-4103-97DD-16B26BDC6A43}.Release|x86.Build.0 = Release|x86
		{493A3F8B-DC71-4F4F-850B-673E3B98E082}.Debug|Any CPU.ActiveCfg = Debug|x86
		{493A3F8B-DC71-4F4F-850B-673E3B98E082}.Debug|Mixed Platforms.ActiveCfg = Debug|x86
		{493A3F8B-DC71-4F4F-850B-673E3B98E082}.Debug|Mixed Platforms.Build.0 = Debug|x86
		{493A3F8B-DC71-4F4F-850B-673E3B98E082}.Debug|x86.ActiveCfg = Debug|x86
		{493A3F8B-DC71-4F4F-850B-673E3B98E082}.Debug|x86.Build.0 = Debug|x86
		{493A3F8B-DC71-4F4F-850B-673E3B98E082}.Release|Any CPU.ActiveCfg = Release|x86
		{493A3F8B-DC71-4F4F-850B-673E3B98E082}.Release|Mixed Platforms.ActiveCfg = Release|x86
		{493A3F8B-DC71-4F4F-850B-673E3B98E082}.Release|Mixed Platforms.Build.0 = Release|x86
		{493A3F8B-DC71-4F4F-850B-673E3B98E082}.Release|x86.ActiveCfg = Release|x86
		{493A3F8B-DC71-4F4F-850B-673E3B98E082}.Release|x86.Build.0 = Release|x86
		{19010F7C-7808-42E1-8E62-01C2B09CB5F7}.Debug|Any CPU.ActiveCfg = Debug|x86
		{19010F7C-7808-42E1-8E62-01C2B09CB5F7}.Debug|Mixed Platforms.ActiveCfg = Debug|x86
		{19010F7C-7808-42E1-8E62-01C2B09CB5F7}.Debug|Mixed Platforms.Build.0 = Debug|x86
		{19010F7C-7808-42E1-8E62-01C2B09CB5F7}.Debug|x86.ActiveCfg = Debug|x86
		{19010F7C-7808-42E1-8E62-01C2B09CB5F7}.Debug|x86.Build.0 = Debug|x86
		{19010F7C-7808-42E1-8E62-01C2B09CB5F7}.Release|Any CPU.ActiveCfg = Release|x86
		{19010F7C-7808-42E1-8E62-01C2B09CB5F7}.Release|Mixed Platforms.ActiveCfg = Release|x86
		{19010F7C-7808-42E1-8E62-01C2B09CB5F7}.Release|Mixed Platforms.Build.0 = Release|x86
		{19010F7C-7808-42E1-8E62-01C2B09CB5F7}.Release|x86.ActiveCfg = Release|x86
		{19010F7C-7808-42E1-8E62-01C2B09CB5F7}.Release|x86.Build.0 = Release|x86
	EndGlobalSection
	GlobalSection(SolutionProperties) = preSolution
		HideSolutionNode = FALSE
	EndGlobalSection
EndGlobal
